
Microsoft Visual Studio Solution File, Format Version 12.00
# Visual Studio 15
VisualStudioVersion = 15.0.26403.3
MinimumVisualStudioVersion = 10.0.40219.1
Project("{FAE04EC0-301F-11D3-BF4B-00C04F79EFBC}") = "SqlReportHelper", "SqlReportHelper\SqlReportHelper.csproj", "{AF3D453F-07ED-407B-B70B-39B514FFC059}"
EndProject
Project("{9A19103F-16F7-4668-BE54-9A1E7A4F7556}") = "SqlReportHelper_Test", "SqlReportHelper_Test\SqlReportHelper_Test.csproj", "{DE5AEB19-6A6E-47FD-9FB0-DCD6A96950D3}"
EndProject
Global
	GlobalSection(SolutionConfigurationPlatforms) = preSolution
		Debug|Any CPU = Debug|Any CPU
		Release|Any CPU = Release|Any CPU
	EndGlobalSection
	GlobalSection(ProjectConfigurationPlatforms) = postSolution
		{AF3D453F-07ED-407B-B70B-39B514FFC059}.Debug|Any CPU.ActiveCfg = Debug|Any CPU
		{AF3D453F-07ED-407B-B70B-39B514FFC059}.Debug|Any CPU.Build.0 = Debug|Any CPU
		{AF3D453F-07ED-407B-B70B-39B514FFC059}.Release|Any CPU.ActiveCfg = Release|Any CPU
		{AF3D453F-07ED-407B-B70B-39B514FFC059}.Release|Any CPU.Build.0 = Release|Any CPU
		{DE5AEB19-6A6E-47FD-9FB0-DCD6A96950D3}.Debug|Any CPU.ActiveCfg = Debug|Any CPU
		{DE5AEB19-6A6E-47FD-9FB0-DCD6A96950D3}.Debug|Any CPU.Build.0 = Debug|Any CPU
		{DE5AEB19-6A6E-47FD-9FB0-DCD6A96950D3}.Release|Any CPU.ActiveCfg = Release|Any CPU
		{DE5AEB19-6A6E-47FD-9FB0-DCD6A96950D3}.Release|Any CPU.Build.0 = Release|Any CPU
	EndGlobalSection
	GlobalSection(SolutionProperties) = preSolution
		HideSolutionNode = FALSE
	EndGlobalSection
EndGlobal
